
Microsoft Visual Studio Solution File, Format Version 12.00
# Visual Studio Version 17
VisualStudioVersion = 17.3.32922.545
MinimumVisualStudioVersion = 10.0.40219.1
Project("{FAE04EC0-301F-11D3-BF4B-00C04F79EFBC}") = "Matte_Seminarium_2", "Matte_Seminarium_2\Matte_Seminarium_2.csproj", "{D8F324DD-723E-4617-9223-5E381D176E32}"
EndProject
Global
	GlobalSection(SolutionConfigurationPlatforms) = preSolution
		Debug|Any CPU = Debug|Any CPU
		Release|Any CPU = Release|Any CPU
	EndGlobalSection
	GlobalSection(ProjectConfigurationPlatforms) = postSolution
		{D8F324DD-723E-4617-9223-5E381D176E32}.Debug|Any CPU.ActiveCfg = Debug|Any CPU
		{D8F324DD-723E-4617-9223-5E381D176E32}.Debug|Any CPU.Build.0 = Debug|Any CPU
		{D8F324DD-723E-4617-9223-5E381D176E32}.Release|Any CPU.ActiveCfg = Release|Any CPU
		{D8F324DD-723E-4617-9223-5E381D176E32}.Release|Any CPU.Build.0 = Release|Any CPU
	EndGlobalSection
	GlobalSection(SolutionProperties) = preSolution
		HideSolutionNode = FALSE
	EndGlobalSection
	GlobalSection(ExtensibilityGlobals) = postSolution
		SolutionGuid = {10B89666-5658-4CA3-8FBC-CE188D590162}
	EndGlobalSection
EndGlobal
